
Microsoft Visual Studio Solution File, Format Version 12.00
# Visual Studio 15
VisualStudioVersion = 15.0.28307.421
MinimumVisualStudioVersion = 10.0.40219.1
Project("{FAE04EC0-301F-11D3-BF4B-00C04F79EFBC}") = "Grettings", "Grettings\Grettings.csproj", "{904B0D6C-FD81-49B0-8406-A4DD1B504E12}"
EndProject
Global
	GlobalSection(SolutionConfigurationPlatforms) = preSolution
		Debug|Any CPU = Debug|Any CPU
		Release|Any CPU = Release|Any CPU
	EndGlobalSection
	GlobalSection(ProjectConfigurationPlatforms) = postSolution
		{904B0D6C-FD81-49B0-8406-A4DD1B504E12}.Debug|Any CPU.ActiveCfg = Debug|Any CPU
		{904B0D6C-FD81-49B0-8406-A4DD1B504E12}.Debug|Any CPU.Build.0 = Debug|Any CPU
		{904B0D6C-FD81-49B0-8406-A4DD1B504E12}.Release|Any CPU.ActiveCfg = Release|Any CPU
		{904B0D6C-FD81-49B0-8406-A4DD1B504E12}.Release|Any CPU.Build.0 = Release|Any CPU
	EndGlobalSection
	GlobalSection(SolutionProperties) = preSolution
		HideSolutionNode = FALSE
	EndGlobalSection
	GlobalSection(ExtensibilityGlobals) = postSolution
		SolutionGuid = {683E07D3-7272-4BED-9772-4CDD43FB5E0A}
	EndGlobalSection
EndGlobal
