
Microsoft Visual Studio Solution File, Format Version 12.00
# Visual Studio 15
VisualStudioVersion = 15.0.28307.421
MinimumVisualStudioVersion = 10.0.40219.1
Project("{FAE04EC0-301F-11D3-BF4B-00C04F79EFBC}") = "Exercise05", "Exercise05\Exercise05.csproj", "{F9C02DE5-23FD-408E-A85A-84BF657D0D4E}"
EndProject
Global
	GlobalSection(SolutionConfigurationPlatforms) = preSolution
		Debug|Any CPU = Debug|Any CPU
		Release|Any CPU = Release|Any CPU
	EndGlobalSection
	GlobalSection(ProjectConfigurationPlatforms) = postSolution
		{F9C02DE5-23FD-408E-A85A-84BF657D0D4E}.Debug|Any CPU.ActiveCfg = Debug|Any CPU
		{F9C02DE5-23FD-408E-A85A-84BF657D0D4E}.Debug|Any CPU.Build.0 = Debug|Any CPU
		{F9C02DE5-23FD-408E-A85A-84BF657D0D4E}.Release|Any CPU.ActiveCfg = Release|Any CPU
		{F9C02DE5-23FD-408E-A85A-84BF657D0D4E}.Release|Any CPU.Build.0 = Release|Any CPU
	EndGlobalSection
	GlobalSection(SolutionProperties) = preSolution
		HideSolutionNode = FALSE
	EndGlobalSection
	GlobalSection(ExtensibilityGlobals) = postSolution
		SolutionGuid = {D20061F3-93B3-41F1-9C62-860F4E0879A3}
	EndGlobalSection
EndGlobal
